
Microsoft Visual Studio Solution File, Format Version 12.00
# Visual Studio 15
VisualStudioVersion = 15.0.26124.0
MinimumVisualStudioVersion = 15.0.26124.0
Project("{2150E333-8FDC-42A3-9474-1A3956D46DE8}") = "src", "src", "{B3D790AA-75F8-4564-9C08-AD370B7D9A23}"
EndProject
Project("{F2A71F9B-5D33-465A-A702-920D77279786}") = "PairRankWeb", "src\PairRankWeb\PairRankWeb.fsproj", "{F913218D-8860-42F7-8C04-30B3AD972252}"
EndProject
Global
	GlobalSection(SolutionConfigurationPlatforms) = preSolution
		Debug|Any CPU = Debug|Any CPU
		Debug|x64 = Debug|x64
		Debug|x86 = Debug|x86
		Release|Any CPU = Release|Any CPU
		Release|x64 = Release|x64
		Release|x86 = Release|x86
	EndGlobalSection
	GlobalSection(SolutionProperties) = preSolution
		HideSolutionNode = FALSE
	EndGlobalSection
	GlobalSection(ProjectConfigurationPlatforms) = postSolution
		{F913218D-8860-42F7-8C04-30B3AD972252}.Debug|Any CPU.ActiveCfg = Debug|Any CPU
		{F913218D-8860-42F7-8C04-30B3AD972252}.Debug|Any CPU.Build.0 = Debug|Any CPU
		{F913218D-8860-42F7-8C04-30B3AD972252}.Debug|x64.ActiveCfg = Debug|Any CPU
		{F913218D-8860-42F7-8C04-30B3AD972252}.Debug|x64.Build.0 = Debug|Any CPU
		{F913218D-8860-42F7-8C04-30B3AD972252}.Debug|x86.ActiveCfg = Debug|Any CPU
		{F913218D-8860-42F7-8C04-30B3AD972252}.Debug|x86.Build.0 = Debug|Any CPU
		{F913218D-8860-42F7-8C04-30B3AD972252}.Release|Any CPU.ActiveCfg = Release|Any CPU
		{F913218D-8860-42F7-8C04-30B3AD972252}.Release|Any CPU.Build.0 = Release|Any CPU
		{F913218D-8860-42F7-8C04-30B3AD972252}.Release|x64.ActiveCfg = Release|Any CPU
		{F913218D-8860-42F7-8C04-30B3AD972252}.Release|x64.Build.0 = Release|Any CPU
		{F913218D-8860-42F7-8C04-30B3AD972252}.Release|x86.ActiveCfg = Release|Any CPU
		{F913218D-8860-42F7-8C04-30B3AD972252}.Release|x86.Build.0 = Release|Any CPU
	EndGlobalSection
	GlobalSection(NestedProjects) = preSolution
		{F913218D-8860-42F7-8C04-30B3AD972252} = {B3D790AA-75F8-4564-9C08-AD370B7D9A23}
	EndGlobalSection
EndGlobal
